
Microsoft Visual Studio Solution File, Format Version 12.00
# Visual Studio Version 17
VisualStudioVersion = 17.0.31903.59
MinimumVisualStudioVersion = 10.0.40219.1
Project("{2150E333-8FDC-42A3-9474-1A3956D46DE8}") = "src", "src", "{827E0CD3-B72D-47B6-A68D-7590B98EB39B}"
EndProject
Project("{FAE04EC0-301F-11D3-BF4B-00C04F79EFBC}") = "Restaurant.Domain", "src\Restaurant.Domain\Restaurant.Domain.csproj", "{5366E1E7-A196-4CB3-A657-097E3F469223}"
EndProject
Project("{FAE04EC0-301F-11D3-BF4B-00C04F79EFBC}") = "Restaurant.Application", "src\Restaurant.Application\Restaurant.Application.csproj", "{59F58D90-46A2-48BF-B8E6-0EA2FA2F74C8}"
EndProject
Project("{FAE04EC0-301F-11D3-BF4B-00C04F79EFBC}") = "Restaurant.Infrastructure", "src\Restaurant.Infrastructure\Restaurant.Infrastructure.csproj", "{72ABFF5D-02E6-4DF9-BE64-131256C33F6C}"
EndProject
Project("{FAE04EC0-301F-11D3-BF4B-00C04F79EFBC}") = "Restaurant.Api", "src\Restaurant.Api\Restaurant.Api.csproj", "{3C835FDF-4637-43B5-8E11-5AA5E2AAD0E2}"
EndProject
Project("{2150E333-8FDC-42A3-9474-1A3956D46DE8}") = "tests", "tests", "{0AB3BF05-4346-4AA6-1389-037BE0695223}"
EndProject
Project("{FAE04EC0-301F-11D3-BF4B-00C04F79EFBC}") = "Restaurant.UnitTests", "tests\Restaurant.UnitTests\Restaurant.UnitTests.csproj", "{05338B07-42CA-4097-8999-6E318AF6E5A5}"
EndProject
Project("{FAE04EC0-301F-11D3-BF4B-00C04F79EFBC}") = "Restaurant.IntegrationTests", "tests\Restaurant.IntegrationTests\Restaurant.IntegrationTests.csproj", "{B9F9E8CF-7384-41AF-B358-26FD5C621811}"
EndProject
Project("{FAE04EC0-301F-11D3-BF4B-00C04F79EFBC}") = "Restaurant.ArchitectureTests", "tests\Restaurant.ArchitectureTests\Restaurant.ArchitectureTests.csproj", "{D36251EE-9942-4B07-94AA-AB9890E798C9}"
EndProject
Global
	GlobalSection(SolutionConfigurationPlatforms) = preSolution
		Debug|Any CPU = Debug|Any CPU
		Debug|x64 = Debug|x64
		Debug|x86 = Debug|x86
		Release|Any CPU = Release|Any CPU
		Release|x64 = Release|x64
		Release|x86 = Release|x86
	EndGlobalSection
	GlobalSection(ProjectConfigurationPlatforms) = postSolution
		{5366E1E7-A196-4CB3-A657-097E3F469223}.Debug|Any CPU.ActiveCfg = Debug|Any CPU
		{5366E1E7-A196-4CB3-A657-097E3F469223}.Debug|Any CPU.Build.0 = Debug|Any CPU
		{5366E1E7-A196-4CB3-A657-097E3F469223}.Debug|x64.ActiveCfg = Debug|Any CPU
		{5366E1E7-A196-4CB3-A657-097E3F469223}.Debug|x64.Build.0 = Debug|Any CPU
		{5366E1E7-A196-4CB3-A657-097E3F469223}.Debug|x86.ActiveCfg = Debug|Any CPU
		{5366E1E7-A196-4CB3-A657-097E3F469223}.Debug|x86.Build.0 = Debug|Any CPU
		{5366E1E7-A196-4CB3-A657-097E3F469223}.Release|Any CPU.ActiveCfg = Release|Any CPU
		{5366E1E7-A196-4CB3-A657-097E3F469223}.Release|Any CPU.Build.0 = Release|Any CPU
		{5366E1E7-A196-4CB3-A657-097E3F469223}.Release|x64.ActiveCfg = Release|Any CPU
		{5366E1E7-A196-4CB3-A657-097E3F469223}.Release|x64.Build.0 = Release|Any CPU
		{5366E1E7-A196-4CB3-A657-097E3F469223}.Release|x86.ActiveCfg = Release|Any CPU
		{5366E1E7-A196-4CB3-A657-097E3F469223}.Release|x86.Build.0 = Release|Any CPU
		{59F58D90-46A2-48BF-B8E6-0EA2FA2F74C8}.Debug|Any CPU.ActiveCfg = Debug|Any CPU
		{59F58D90-46A2-48BF-B8E6-0EA2FA2F74C8}.Debug|Any CPU.Build.0 = Debug|Any CPU
		{59F58D90-46A2-48BF-B8E6-0EA2FA2F74C8}.Debug|x64.ActiveCfg = Debug|Any CPU
		{59F58D90-46A2-48BF-B8E6-0EA2FA2F74C8}.Debug|x64.Build.0 = Debug|Any CPU
		{59F58D90-46A2-48BF-B8E6-0EA2FA2F74C8}.Debug|x86.ActiveCfg = Debug|Any CPU
		{59F58D90-46A2-48BF-B8E6-0EA2FA2F74C8}.Debug|x86.Build.0 = Debug|Any CPU
		{59F58D90-46A2-48BF-B8E6-0EA2FA2F74C8}.Release|Any CPU.ActiveCfg = Release|Any CPU
		{59F58D90-46A2-48BF-B8E6-0EA2FA2F74C8}.Release|Any CPU.Build.0 = Release|Any CPU
		{59F58D90-46A2-48BF-B8E6-0EA2FA2F74C8}.Release|x64.ActiveCfg = Release|Any CPU
		{59F58D90-46A2-48BF-B8E6-0EA2FA2F74C8}.Release|x64.Build.0 = Release|Any CPU
		{59F58D90-46A2-48BF-B8E6-0EA2FA2F74C8}.Release|x86.ActiveCfg = Release|Any CPU
		{59F58D90-46A2-48BF-B8E6-0EA2FA2F74C8}.Release|x86.Build.0 = Release|Any CPU
		{72ABFF5D-02E6-4DF9-BE64-131256C33F6C}.Debug|Any CPU.ActiveCfg = Debug|Any CPU
		{72ABFF5D-02E6-4DF9-BE64-131256C33F6C}.Debug|Any CPU.Build.0 = Debug|Any CPU
		{72ABFF5D-02E6-4DF9-BE64-131256C33F6C}.Debug|x64.ActiveCfg = Debug|Any CPU
		{72ABFF5D-02E6-4DF9-BE64-131256C33F6C}.Debug|x64.Build.0 = Debug|Any CPU
		{72ABFF5D-02E6-4DF9-BE64-131256C33F6C}.Debug|x86.ActiveCfg = Debug|Any CPU
		{72ABFF5D-02E6-4DF9-BE64-131256C33F6C}.Debug|x86.Build.0 = Debug|Any CPU
		{72ABFF5D-02E6-4DF9-BE64-131256C33F6C}.Release|Any CPU.ActiveCfg = Release|Any CPU
		{72ABFF5D-02E6-4DF9-BE64-131256C33F6C}.Release|Any CPU.Build.0 = Release|Any CPU
		{72ABFF5D-02E6-4DF9-BE64-131256C33F6C}.Release|x64.ActiveCfg = Release|Any CPU
		{72ABFF5D-02E6-4DF9-BE64-131256C33F6C}.Release|x64.Build.0 = Release|Any CPU
		{72ABFF5D-02E6-4DF9-BE64-131256C33F6C}.Release|x86.ActiveCfg = Release|Any CPU
		{72ABFF5D-02E6-4DF9-BE64-131256C33F6C}.Release|x86.Build.0 = Release|Any CPU
		{3C835FDF-4637-43B5-8E11-5AA5E2AAD0E2}.Debug|Any CPU.ActiveCfg = Debug|Any CPU
		{3C835FDF-4637-43B5-8E11-5AA5E2AAD0E2}.Debug|Any CPU.Build.0 = Debug|Any CPU
		{3C835FDF-4637-43B5-8E11-5AA5E2AAD0E2}.Debug|x64.ActiveCfg = Debug|Any CPU
		{3C835FDF-4637-43B5-8E11-5AA5E2AAD0E2}.Debug|x64.Build.0 = Debug|Any CPU
		{3C835FDF-4637-43B5-8E11-5AA5E2AAD0E2}.Debug|x86.ActiveCfg = Debug|Any CPU
		{3C835FDF-4637-43B5-8E11-5AA5E2AAD0E2}.Debug|x86.Build.0 = Debug|Any CPU
		{3C835FDF-4637-43B5-8E11-5AA5E2AAD0E2}.Release|Any CPU.ActiveCfg = Release|Any CPU
		{3C835FDF-4637-43B5-8E11-5AA5E2AAD0E2}.Release|Any CPU.Build.0 = Release|Any CPU
		{3C835FDF-4637-43B5-8E11-5AA5E2AAD0E2}.Release|x64.ActiveCfg = Release|Any CPU
		{3C835FDF-4637-43B5-8E11-5AA5E2AAD0E2}.Release|x64.Build.0 = Release|Any CPU
		{3C835FDF-4637-43B5-8E11-5AA5E2AAD0E2}.Release|x86.ActiveCfg = Release|Any CPU
		{3C835FDF-4637-43B5-8E11-5AA5E2AAD0E2}.Release|x86.Build.0 = Release|Any CPU
		{05338B07-42CA-4097-8999-6E318AF6E5A5}.Debug|Any CPU.ActiveCfg = Debug|Any CPU
		{05338B07-42CA-4097-8999-6E318AF6E5A5}.Debug|Any CPU.Build.0 = Debug|Any CPU
		{05338B07-42CA-4097-8999-6E318AF6E5A5}.Debug|x64.ActiveCfg = Debug|Any CPU
		{05338B07-42CA-4097-8999-6E318AF6E5A5}.Debug|x64.Build.0 = Debug|Any CPU
		{05338B07-42CA-4097-8999-6E318AF6E5A5}.Debug|x86.ActiveCfg = Debug|Any CPU
		{05338B07-42CA-4097-8999-6E318AF6E5A5}.Debug|x86.Build.0 = Debug|Any CPU
		{05338B07-42CA-4097-8999-6E318AF6E5A5}.Release|Any CPU.ActiveCfg = Release|Any CPU
		{05338B07-42CA-4097-8999-6E318AF6E5A5}.Release|Any CPU.Build.0 = Release|Any CPU
		{05338B07-42CA-4097-8999-6E318AF6E5A5}.Release|x64.ActiveCfg = Release|Any CPU
		{05338B07-42CA-4097-8999-6E318AF6E5A5}.Release|x64.Build.0 = Release|Any CPU
		{05338B07-42CA-4097-8999-6E318AF6E5A5}.Release|x86.ActiveCfg = Release|Any CPU
		{05338B07-42CA-4097-8999-6E318AF6E5A5}.Release|x86.Build.0 = Release|Any CPU
		{B9F9E8CF-7384-41AF-B358-26FD5C621811}.Debug|Any CPU.ActiveCfg = Debug|Any CPU
		{B9F9E8CF-7384-41AF-B358-26FD5C621811}.Debug|Any CPU.Build.0 = Debug|Any CPU
		{B9F9E8CF-7384-41AF-B358-26FD5C621811}.Debug|x64.ActiveCfg = Debug|Any CPU
		{B9F9E8CF-7384-41AF-B358-26FD5C621811}.Debug|x64.Build.0 = Debug|Any CPU
		{B9F9E8CF-7384-41AF-B358-26FD5C621811}.Debug|x86.ActiveCfg = Debug|Any CPU
		{B9F9E8CF-7384-41AF-B358-26FD5C621811}.Debug|x86.Build.0 = Debug|Any CPU
		{B9F9E8CF-7384-41AF-B358-26FD5C621811}.Release|Any CPU.ActiveCfg = Release|Any CPU
		{B9F9E8CF-7384-41AF-B358-26FD5C621811}.Release|Any CPU.Build.0 = Release|Any CPU
		{B9F9E8CF-7384-41AF-B358-26FD5C621811}.Release|x64.ActiveCfg = Release|Any CPU
		{B9F9E8CF-7384-41AF-B358-26FD5C621811}.Release|x64.Build.0 = Release|Any CPU
		{B9F9E8CF-7384-41AF-B358-26FD5C621811}.Release|x86.ActiveCfg = Release|Any CPU
		{B9F9E8CF-7384-41AF-B358-26FD5C621811}.Release|x86.Build.0 = Release|Any CPU
		{D36251EE-9942-4B07-94AA-AB9890E798C9}.Debug|Any CPU.ActiveCfg = Debug|Any CPU
		{D36251EE-9942-4B07-94AA-AB9890E798C9}.Debug|Any CPU.Build.0 = Debug|Any CPU
		{D36251EE-9942-4B07-94AA-AB9890E798C9}.Debug|x64.ActiveCfg = Debug|Any CPU
		{D36251EE-9942-4B07-94AA-AB9890E798C9}.Debug|x64.Build.0 = Debug|Any CPU
		{D36251EE-9942-4B07-94AA-AB9890E798C9}.Debug|x86.ActiveCfg = Debug|Any CPU
		{D36251EE-9942-4B07-94AA-AB9890E798C9}.Debug|x86.Build.0 = Debug|Any CPU
		{D36251EE-9942-4B07-94AA-AB9890E798C9}.Release|Any CPU.ActiveCfg = Release|Any CPU
		{D36251EE-9942-4B07-94AA-AB9890E798C9}.Release|Any CPU.Build.0 = Release|Any CPU
		{D36251EE-9942-4B07-94AA-AB9890E798C9}.Release|x64.ActiveCfg = Release|Any CPU
		{D36251EE-9942-4B07-94AA-AB9890E798C9}.Release|x64.Build.0 = Release|Any CPU
		{D36251EE-9942-4B07-94AA-AB9890E798C9}.Release|x86.ActiveCfg = Release|Any CPU
		{D36251EE-9942-4B07-94AA-AB9890E798C9}.Release|x86.Build.0 = Release|Any CPU
	EndGlobalSection
	GlobalSection(SolutionProperties) = preSolution
		HideSolutionNode = FALSE
	EndGlobalSection
	GlobalSection(NestedProjects) = preSolution
		{5366E1E7-A196-4CB3-A657-097E3F469223} = {827E0CD3-B72D-47B6-A68D-7590B98EB39B}
		{59F58D90-46A2-48BF-B8E6-0EA2FA2F74C8} = {827E0CD3-B72D-47B6-A68D-7590B98EB39B}
		{72ABFF5D-02E6-4DF9-BE64-131256C33F6C} = {827E0CD3-B72D-47B6-A68D-7590B98EB39B}
		{3C835FDF-4637-43B5-8E11-5AA5E2AAD0E2} = {827E0CD3-B72D-47B6-A68D-7590B98EB39B}
		{05338B07-42CA-4097-8999-6E318AF6E5A5} = {0AB3BF05-4346-4AA6-1389-037BE0695223}
		{B9F9E8CF-7384-41AF-B358-26FD5C621811} = {0AB3BF05-4346-4AA6-1389-037BE0695223}
		{D36251EE-9942-4B07-94AA-AB9890E798C9} = {0AB3BF05-4346-4AA6-1389-037BE0695223}
	EndGlobalSection
EndGlobal
